
Microsoft Visual Studio Solution File, Format Version 12.00
# Visual Studio Version 16
VisualStudioVersion = 16.0.30907.101
MinimumVisualStudioVersion = 10.0.40219.1
Project("{9A19103F-16F7-4668-BE54-9A1E7A4F7556}") = "CRUD_UsuarioPFWEB", "CRUD_UsuarioPFWEB.csproj", "{64C33A28-51E9-478E-AABD-42E1CEAC57D7}"
EndProject
Project("{2150E333-8FDC-42A3-9474-1A3956D46DE8}") = "src", "src", "{D1E3FCD2-403B-4229-8FB2-D8BBBECF1306}"
EndProject
Project("{2150E333-8FDC-42A3-9474-1A3956D46DE8}") = "PlataformaWebApi", "PlataformaWebApi", "{8018F9BA-073C-49AE-B9B4-2AA6E6BF1601}"
EndProject
Project("{2150E333-8FDC-42A3-9474-1A3956D46DE8}") = "Usuario", "Usuario", "{1B466446-CDFF-4929-A10F-D16E36ED65F9}"
EndProject
Project("{2150E333-8FDC-42A3-9474-1A3956D46DE8}") = "Domain", "Domain", "{754297A8-048E-428C-B996-174B50278A81}"
EndProject
Project("{2150E333-8FDC-42A3-9474-1A3956D46DE8}") = "Application", "Application", "{E9D6AE4A-57EE-452A-B9CE-EA4D1BE74942}"
EndProject
Project("{2150E333-8FDC-42A3-9474-1A3956D46DE8}") = "Infraestructure", "Infraestructure", "{635474D1-DF25-41D0-9A13-CDADD9DF6CD2}"
EndProject
Project("{FAE04EC0-301F-11D3-BF4B-00C04F79EFBC}") = "UsuarioInfraestructure", "..\UsuarioInfraestructure\UsuarioInfraestructure.csproj", "{FB0D77B7-B0B9-4440-BD8B-737CD52AA9F9}"
EndProject
Project("{FAE04EC0-301F-11D3-BF4B-00C04F79EFBC}") = "UsuarioApplication", "..\GetUsuarioByIDHandler\UsuarioApplication.csproj", "{ECCF8C01-69E0-49A7-BDB0-48E7FA2C4FB3}"
EndProject
Project("{FAE04EC0-301F-11D3-BF4B-00C04F79EFBC}") = "UsuarioDomain", "..\UsuarioDomain\UsuarioDomain.csproj", "{45219118-E0C3-4C92-B95D-E7E72870A25C}"
EndProject
Global
	GlobalSection(SolutionConfigurationPlatforms) = preSolution
		Debug|Any CPU = Debug|Any CPU
		Release|Any CPU = Release|Any CPU
	EndGlobalSection
	GlobalSection(ProjectConfigurationPlatforms) = postSolution
		{64C33A28-51E9-478E-AABD-42E1CEAC57D7}.Debug|Any CPU.ActiveCfg = Debug|Any CPU
		{64C33A28-51E9-478E-AABD-42E1CEAC57D7}.Debug|Any CPU.Build.0 = Debug|Any CPU
		{64C33A28-51E9-478E-AABD-42E1CEAC57D7}.Release|Any CPU.ActiveCfg = Release|Any CPU
		{64C33A28-51E9-478E-AABD-42E1CEAC57D7}.Release|Any CPU.Build.0 = Release|Any CPU
		{FB0D77B7-B0B9-4440-BD8B-737CD52AA9F9}.Debug|Any CPU.ActiveCfg = Debug|Any CPU
		{FB0D77B7-B0B9-4440-BD8B-737CD52AA9F9}.Debug|Any CPU.Build.0 = Debug|Any CPU
		{FB0D77B7-B0B9-4440-BD8B-737CD52AA9F9}.Release|Any CPU.ActiveCfg = Release|Any CPU
		{FB0D77B7-B0B9-4440-BD8B-737CD52AA9F9}.Release|Any CPU.Build.0 = Release|Any CPU
		{ECCF8C01-69E0-49A7-BDB0-48E7FA2C4FB3}.Debug|Any CPU.ActiveCfg = Debug|Any CPU
		{ECCF8C01-69E0-49A7-BDB0-48E7FA2C4FB3}.Debug|Any CPU.Build.0 = Debug|Any CPU
		{ECCF8C01-69E0-49A7-BDB0-48E7FA2C4FB3}.Release|Any CPU.ActiveCfg = Release|Any CPU
		{ECCF8C01-69E0-49A7-BDB0-48E7FA2C4FB3}.Release|Any CPU.Build.0 = Release|Any CPU
		{45219118-E0C3-4C92-B95D-E7E72870A25C}.Debug|Any CPU.ActiveCfg = Debug|Any CPU
		{45219118-E0C3-4C92-B95D-E7E72870A25C}.Debug|Any CPU.Build.0 = Debug|Any CPU
		{45219118-E0C3-4C92-B95D-E7E72870A25C}.Release|Any CPU.ActiveCfg = Release|Any CPU
		{45219118-E0C3-4C92-B95D-E7E72870A25C}.Release|Any CPU.Build.0 = Release|Any CPU
	EndGlobalSection
	GlobalSection(SolutionProperties) = preSolution
		HideSolutionNode = FALSE
	EndGlobalSection
	GlobalSection(NestedProjects) = preSolution
		{8018F9BA-073C-49AE-B9B4-2AA6E6BF1601} = {D1E3FCD2-403B-4229-8FB2-D8BBBECF1306}
		{1B466446-CDFF-4929-A10F-D16E36ED65F9} = {8018F9BA-073C-49AE-B9B4-2AA6E6BF1601}
		{754297A8-048E-428C-B996-174B50278A81} = {1B466446-CDFF-4929-A10F-D16E36ED65F9}
		{E9D6AE4A-57EE-452A-B9CE-EA4D1BE74942} = {1B466446-CDFF-4929-A10F-D16E36ED65F9}
		{635474D1-DF25-41D0-9A13-CDADD9DF6CD2} = {1B466446-CDFF-4929-A10F-D16E36ED65F9}
		{FB0D77B7-B0B9-4440-BD8B-737CD52AA9F9} = {635474D1-DF25-41D0-9A13-CDADD9DF6CD2}
		{ECCF8C01-69E0-49A7-BDB0-48E7FA2C4FB3} = {E9D6AE4A-57EE-452A-B9CE-EA4D1BE74942}
		{45219118-E0C3-4C92-B95D-E7E72870A25C} = {754297A8-048E-428C-B996-174B50278A81}
	EndGlobalSection
	GlobalSection(ExtensibilityGlobals) = postSolution
		SolutionGuid = {55710038-0CB8-4207-85CC-4090DEF330BE}
	EndGlobalSection
EndGlobal
