
Microsoft Visual Studio Solution File, Format Version 12.00
# Visual Studio Version 16
VisualStudioVersion = 16.0.30907.101
MinimumVisualStudioVersion = 10.0.40219.1
Project("{9A19103F-16F7-4668-BE54-9A1E7A4F7556}") = "CRUD_UsuarioPFWEB", "CRUD_UsuarioPFWEB.csproj", "{64C33A28-51E9-478E-AABD-42E1CEAC57D7}"
EndProject
Project("{2150E333-8FDC-42A3-9474-1A3956D46DE8}") = "src", "src", "{D1E3FCD2-403B-4229-8FB2-D8BBBECF1306}"
EndProject
Project("{2150E333-8FDC-42A3-9474-1A3956D46DE8}") = "PlataformaWebApi", "PlataformaWebApi", "{8018F9BA-073C-49AE-B9B4-2AA6E6BF1601}"
EndProject
Project("{9A19103F-16F7-4668-BE54-9A1E7A4F7556}") = "PlataformaWebApi", "..\..\src\PlataformaWebApi\PlataformaWebApi.csproj", "{C0CB3EC5-48E5-48FF-A090-D0FF69D611E3}"
EndProject
Global
	GlobalSection(SolutionConfigurationPlatforms) = preSolution
		Debug|Any CPU = Debug|Any CPU
		Release|Any CPU = Release|Any CPU
	EndGlobalSection
	GlobalSection(ProjectConfigurationPlatforms) = postSolution
		{64C33A28-51E9-478E-AABD-42E1CEAC57D7}.Debug|Any CPU.ActiveCfg = Debug|Any CPU
		{64C33A28-51E9-478E-AABD-42E1CEAC57D7}.Debug|Any CPU.Build.0 = Debug|Any CPU
		{64C33A28-51E9-478E-AABD-42E1CEAC57D7}.Release|Any CPU.ActiveCfg = Release|Any CPU
		{64C33A28-51E9-478E-AABD-42E1CEAC57D7}.Release|Any CPU.Build.0 = Release|Any CPU
		{C0CB3EC5-48E5-48FF-A090-D0FF69D611E3}.Debug|Any CPU.ActiveCfg = Debug|Any CPU
		{C0CB3EC5-48E5-48FF-A090-D0FF69D611E3}.Debug|Any CPU.Build.0 = Debug|Any CPU
		{C0CB3EC5-48E5-48FF-A090-D0FF69D611E3}.Release|Any CPU.ActiveCfg = Release|Any CPU
		{C0CB3EC5-48E5-48FF-A090-D0FF69D611E3}.Release|Any CPU.Build.0 = Release|Any CPU
	EndGlobalSection
	GlobalSection(SolutionProperties) = preSolution
		HideSolutionNode = FALSE
	EndGlobalSection
	GlobalSection(NestedProjects) = preSolution
		{8018F9BA-073C-49AE-B9B4-2AA6E6BF1601} = {D1E3FCD2-403B-4229-8FB2-D8BBBECF1306}
		{C0CB3EC5-48E5-48FF-A090-D0FF69D611E3} = {8018F9BA-073C-49AE-B9B4-2AA6E6BF1601}
	EndGlobalSection
	GlobalSection(ExtensibilityGlobals) = postSolution
		SolutionGuid = {55710038-0CB8-4207-85CC-4090DEF330BE}
	EndGlobalSection
EndGlobal
