
Microsoft Visual Studio Solution File, Format Version 12.00
# Visual Studio Version 16
VisualStudioVersion = 16.0.30907.101
MinimumVisualStudioVersion = 10.0.40219.1
Project("{9A19103F-16F7-4668-BE54-9A1E7A4F7556}") = "LoginApi", "LoginApi.csproj", "{64C33A28-51E9-478E-AABD-42E1CEAC57D7}"
EndProject
Project("{FAE04EC0-301F-11D3-BF4B-00C04F79EFBC}") = "Domain", "..\Domain\Domain.csproj", "{E8CF73CD-5039-4811-9E92-A3DEC16C9468}"
EndProject
Project("{FAE04EC0-301F-11D3-BF4B-00C04F79EFBC}") = "Common", "..\Common\Common.csproj", "{FDC7FFEA-1101-4760-B989-99D6677107D0}"
EndProject
Project("{FAE04EC0-301F-11D3-BF4B-00C04F79EFBC}") = "Data", "..\Data\Data.csproj", "{E42C59C8-4861-4633-A4AB-CC8F7A3082AB}"
EndProject
Global
	GlobalSection(SolutionConfigurationPlatforms) = preSolution
		Debug|Any CPU = Debug|Any CPU
		Release|Any CPU = Release|Any CPU
	EndGlobalSection
	GlobalSection(ProjectConfigurationPlatforms) = postSolution
		{64C33A28-51E9-478E-AABD-42E1CEAC57D7}.Debug|Any CPU.ActiveCfg = Debug|Any CPU
		{64C33A28-51E9-478E-AABD-42E1CEAC57D7}.Debug|Any CPU.Build.0 = Debug|Any CPU
		{64C33A28-51E9-478E-AABD-42E1CEAC57D7}.Release|Any CPU.ActiveCfg = Release|Any CPU
		{64C33A28-51E9-478E-AABD-42E1CEAC57D7}.Release|Any CPU.Build.0 = Release|Any CPU
		{E8CF73CD-5039-4811-9E92-A3DEC16C9468}.Debug|Any CPU.ActiveCfg = Debug|Any CPU
		{E8CF73CD-5039-4811-9E92-A3DEC16C9468}.Debug|Any CPU.Build.0 = Debug|Any CPU
		{E8CF73CD-5039-4811-9E92-A3DEC16C9468}.Release|Any CPU.ActiveCfg = Release|Any CPU
		{E8CF73CD-5039-4811-9E92-A3DEC16C9468}.Release|Any CPU.Build.0 = Release|Any CPU
		{FDC7FFEA-1101-4760-B989-99D6677107D0}.Debug|Any CPU.ActiveCfg = Debug|Any CPU
		{FDC7FFEA-1101-4760-B989-99D6677107D0}.Debug|Any CPU.Build.0 = Debug|Any CPU
		{FDC7FFEA-1101-4760-B989-99D6677107D0}.Release|Any CPU.ActiveCfg = Release|Any CPU
		{FDC7FFEA-1101-4760-B989-99D6677107D0}.Release|Any CPU.Build.0 = Release|Any CPU
		{E42C59C8-4861-4633-A4AB-CC8F7A3082AB}.Debug|Any CPU.ActiveCfg = Debug|Any CPU
		{E42C59C8-4861-4633-A4AB-CC8F7A3082AB}.Debug|Any CPU.Build.0 = Debug|Any CPU
		{E42C59C8-4861-4633-A4AB-CC8F7A3082AB}.Release|Any CPU.ActiveCfg = Release|Any CPU
		{E42C59C8-4861-4633-A4AB-CC8F7A3082AB}.Release|Any CPU.Build.0 = Release|Any CPU
	EndGlobalSection
	GlobalSection(SolutionProperties) = preSolution
		HideSolutionNode = FALSE
	EndGlobalSection
	GlobalSection(ExtensibilityGlobals) = postSolution
		SolutionGuid = {55710038-0CB8-4207-85CC-4090DEF330BE}
	EndGlobalSection
EndGlobal
